
Microsoft Visual Studio Solution File, Format Version 12.00
# Visual Studio 14
VisualStudioVersion = 14.0.23107.0
MinimumVisualStudioVersion = 10.0.40219.1
Project("{FAE04EC0-301F-11D3-BF4B-00C04F79EFBC}") = "Tomato.OsuLocal", "Tomato.OsuLocal\Tomato.OsuLocal.csproj", "{03271826-AC8A-4D7C-9E5E-CEE81DE3C779}"
EndProject
Project("{8BC9CEB8-8B4A-11D0-8D11-00A0C91BC942}") = "Tomato.Osu.Core", "Tomato.Osu.Core\Tomato.Osu.Core.vcxproj", "{74BD7302-8F3F-4C77-8A71-35DCA101E3EA}"
EndProject
Global
	GlobalSection(SolutionConfigurationPlatforms) = preSolution
		Debug|ARM = Debug|ARM
		Debug|x64 = Debug|x64
		Debug|x86 = Debug|x86
		Release|ARM = Release|ARM
		Release|x64 = Release|x64
		Release|x86 = Release|x86
	EndGlobalSection
	GlobalSection(ProjectConfigurationPlatforms) = postSolution
		{03271826-AC8A-4D7C-9E5E-CEE81DE3C779}.Debug|ARM.ActiveCfg = Debug|ARM
		{03271826-AC8A-4D7C-9E5E-CEE81DE3C779}.Debug|ARM.Build.0 = Debug|ARM
		{03271826-AC8A-4D7C-9E5E-CEE81DE3C779}.Debug|ARM.Deploy.0 = Debug|ARM
		{03271826-AC8A-4D7C-9E5E-CEE81DE3C779}.Debug|x64.ActiveCfg = Debug|x64
		{03271826-AC8A-4D7C-9E5E-CEE81DE3C779}.Debug|x64.Build.0 = Debug|x64
		{03271826-AC8A-4D7C-9E5E-CEE81DE3C779}.Debug|x64.Deploy.0 = Debug|x64
		{03271826-AC8A-4D7C-9E5E-CEE81DE3C779}.Debug|x86.ActiveCfg = Debug|x86
		{03271826-AC8A-4D7C-9E5E-CEE81DE3C779}.Debug|x86.Build.0 = Debug|x86
		{03271826-AC8A-4D7C-9E5E-CEE81DE3C779}.Debug|x86.Deploy.0 = Debug|x86
		{03271826-AC8A-4D7C-9E5E-CEE81DE3C779}.Release|ARM.ActiveCfg = Release|ARM
		{03271826-AC8A-4D7C-9E5E-CEE81DE3C779}.Release|ARM.Build.0 = Release|ARM
		{03271826-AC8A-4D7C-9E5E-CEE81DE3C779}.Release|ARM.Deploy.0 = Release|ARM
		{03271826-AC8A-4D7C-9E5E-CEE81DE3C779}.Release|x64.ActiveCfg = Release|x64
		{03271826-AC8A-4D7C-9E5E-CEE81DE3C779}.Release|x64.Build.0 = Release|x64
		{03271826-AC8A-4D7C-9E5E-CEE81DE3C779}.Release|x64.Deploy.0 = Release|x64
		{03271826-AC8A-4D7C-9E5E-CEE81DE3C779}.Release|x86.ActiveCfg = Release|x86
		{03271826-AC8A-4D7C-9E5E-CEE81DE3C779}.Release|x86.Build.0 = Release|x86
		{03271826-AC8A-4D7C-9E5E-CEE81DE3C779}.Release|x86.Deploy.0 = Release|x86
		{74BD7302-8F3F-4C77-8A71-35DCA101E3EA}.Debug|ARM.ActiveCfg = Debug|ARM
		{74BD7302-8F3F-4C77-8A71-35DCA101E3EA}.Debug|ARM.Build.0 = Debug|ARM
		{74BD7302-8F3F-4C77-8A71-35DCA101E3EA}.Debug|x64.ActiveCfg = Debug|x64
		{74BD7302-8F3F-4C77-8A71-35DCA101E3EA}.Debug|x64.Build.0 = Debug|x64
		{74BD7302-8F3F-4C77-8A71-35DCA101E3EA}.Debug|x86.ActiveCfg = Debug|Win32
		{74BD7302-8F3F-4C77-8A71-35DCA101E3EA}.Debug|x86.Build.0 = Debug|Win32
		{74BD7302-8F3F-4C77-8A71-35DCA101E3EA}.Release|ARM.ActiveCfg = Release|ARM
		{74BD7302-8F3F-4C77-8A71-35DCA101E3EA}.Release|ARM.Build.0 = Release|ARM
		{74BD7302-8F3F-4C77-8A71-35DCA101E3EA}.Release|x64.ActiveCfg = Release|x64
		{74BD7302-8F3F-4C77-8A71-35DCA101E3EA}.Release|x64.Build.0 = Release|x64
		{74BD7302-8F3F-4C77-8A71-35DCA101E3EA}.Release|x86.ActiveCfg = Release|Win32
		{74BD7302-8F3F-4C77-8A71-35DCA101E3EA}.Release|x86.Build.0 = Release|Win32
	EndGlobalSection
	GlobalSection(SolutionProperties) = preSolution
		HideSolutionNode = FALSE
	EndGlobalSection
EndGlobal
